{
  "name": "js-minibone",
  "version": "1.0.0",
  "lockfileVersion": 1,
  "requires": true,
  "dependencies": {
    "js-minievents": {
      "version": "git+https://github.com/kiro7shiro/js-minievents.git#5f51ad52614d7034a7b630aa7bd4b3800de90152",
      "from": "git+https://github.com/kiro7shiro/js-minievents.git"
    }
  }
}
